// !$*UTF8*$!
{
	archiveVersion = 1;
	classes = {
	};
	objectVersion = 50;
	objects = {

/* Begin PBXBuildFile section */
		2D44C23424DA0A0B0077B065 /* AppDelegate.swift in Sources */ = {isa = PBXBuildFile; fileRef = 2D44C23324DA0A0B0077B065 /* AppDelegate.swift */; };
		2D44C23624DA0A0B0077B065 /* SceneDelegate.swift in Sources */ = {isa = PBXBuildFile; fileRef = 2D44C23524DA0A0B0077B065 /* SceneDelegate.swift */; };
		2D44C23824DA0A0B0077B065 /* ViewController.swift in Sources */ = {isa = PBXBuildFile; fileRef = 2D44C23724DA0A0B0077B065 /* ViewController.swift */; };
		2D44C23B24DA0A0B0077B065 /* Main.storyboard in Resources */ = {isa = PBXBuildFile; fileRef = 2D44C23924DA0A0B0077B065 /* Main.storyboard */; };
		2D44C23D24DA0A130077B065 /* Assets.xcassets in Resources */ = {isa = PBXBuildFile; fileRef = 2D44C23C24DA0A130077B065 /* Assets.xcassets */; };
		2D44C24024DA0A130077B065 /* LaunchScreen.storyboard in Resources */ = {isa = PBXBuildFile; fileRef = 2D44C23E24DA0A130077B065 /* LaunchScreen.storyboard */; };
		2D44C24824DA0FD90077B065 /* API.swift in Sources */ = {isa = PBXBuildFile; fileRef = 2D44C24724DA0FD90077B065 /* API.swift */; };
/* End PBXBuildFile section */

/* Begin PBXFileReference section */
		2D44C23024DA0A0B0077B065 /* backend creation.app */ = {isa = PBXFileReference; explicitFileType = wrapper.application; includeInIndex = 0; path = "backend creation.app"; sourceTree = BUILT_PRODUCTS_DIR; };
		2D44C23324DA0A0B0077B065 /* AppDelegate.swift */ = {isa = PBXFileReference; lastKnownFileType = sourcecode.swift; path = AppDelegate.swift; sourceTree = "<group>"; };
		2D44C23524DA0A0B0077B065 /* SceneDelegate.swift */ = {isa = PBXFileReference; lastKnownFileType = sourcecode.swift; path = SceneDelegate.swift; sourceTree = "<group>"; };
		2D44C23724DA0A0B0077B065 /* ViewController.swift */ = {isa = PBXFileReference; lastKnownFileType = sourcecode.swift; path = ViewController.swift; sourceTree = "<group>"; };
		2D44C23A24DA0A0B0077B065 /* Base */ = {isa = PBXFileReference; lastKnownFileType = file.storyboard; name = Base; path = Base.lproj/Main.storyboard; sourceTree = "<group>"; };
		2D44C23C24DA0A130077B065 /* Assets.xcassets */ = {isa = PBXFileReference; lastKnownFileType = folder.assetcatalog; path = Assets.xcassets; sourceTree = "<group>"; };
		2D44C23F24DA0A130077B065 /* Base */ = {isa = PBXFileReference; lastKnownFileType = file.storyboard; name = Base; path = Base.lproj/LaunchScreen.storyboard; sourceTree = "<group>"; };
		2D44C24124DA0A130077B065 /* Info.plist */ = {isa = PBXFileReference; lastKnownFileType = text.plist.xml; path = Info.plist; sourceTree = "<group>"; };
		2D44C24724DA0FD90077B065 /* API.swift */ = {isa = PBXFileReference; lastKnownFileType = sourcecode.swift; path = API.swift; sourceTree = "<group>"; };
/* End PBXFileReference section */

/* Begin PBXFrameworksBuildPhase section */
		2D44C22D24DA0A0B0077B065 /* Frameworks */ = {
			isa = PBXFrameworksBuildPhase;
			buildActionMask = 2147483647;
			files = (
			);
			runOnlyForDeploymentPostprocessing = 0;
		};
/* End PBXFrameworksBuildPhase section */

/* Begin PBXGroup section */
		2D44C22724DA0A0B0077B065 = {
			isa = PBXGroup;
			children = (
				2D44C23224DA0A0B0077B065 /* backend creation */,
				2D44C23124DA0A0B0077B065 /* Products */,
			);
			sourceTree = "<group>";
		};
		2D44C23124DA0A0B0077B065 /* Products */ = {
			isa = PBXGroup;
			children = (
				2D44C23024DA0A0B0077B065 /* backend creation.app */,
			);
			name = Products;
			sourceTree = "<group>";
		};
		2D44C23224DA0A0B0077B065 /* backend creation */ = {
			isa = PBXGroup;
			children = (
				2D44C23324DA0A0B0077B065 /* AppDelegate.swift */,
				2D44C23524DA0A0B0077B065 /* SceneDelegate.swift */,
				2D44C23724DA0A0B0077B065 /* ViewController.swift */,
				2D44C24724DA0FD90077B065 /* API.swift */,
				2D44C23924DA0A0B0077B065 /* Main.storyboard */,
				2D44C23C24DA0A130077B065 /* Assets.xcassets */,
				2D44C23E24DA0A130077B065 /* LaunchScreen.storyboard */,
				2D44C24124DA0A130077B065 /* Info.plist */,
			);
			path = "backend creation";
			sourceTree = "<group>";
		};
/* End PBXGroup section */

/* Begin PBXNativeTarget section */
		2D44C22F24DA0A0B0077B065 /* backend creation */ = {
			isa = PBXNativeTarget;
			buildConfigurationList = 2D44C24424DA0A130077B065 /* Build configuration list for PBXNativeTarget "backend creation" */;
			buildPhases = (
				2D44C22C24DA0A0B0077B065 /* Sources */,
				2D44C22D24DA0A0B0077B065 /* Frameworks */,
				2D44C22E24DA0A0B0077B065 /* Resources */,
			);
			buildRules = (
			);
			dependencies = (
			);
			name = "backend creation";
			productName = "backend creation";
			productReference = 2D44C23024DA0A0B0077B065 /* backend creation.app */;
			productType = "com.apple.product-type.application";
		};
/* End PBXNativeTarget section */

/* Begin PBXProject section */
		2D44C22824DA0A0B0077B065 /* Project object */ = {
			isa = PBXProject;
			attributes = {
				LastSwiftUpdateCheck = 1160;
				LastUpgradeCheck = 1160;
				ORGANIZATIONNAME = "Serina Khanna";
				TargetAttributes = {
					2D44C22F24DA0A0B0077B065 = {
						CreatedOnToolsVersion = 11.6;
					};
				};
			};
			buildConfigurationList = 2D44C22B24DA0A0B0077B065 /* Build configuration list for PBXProject "backend creation" */;
			compatibilityVersion = "Xcode 9.3";
			developmentRegion = en;
			hasScannedForEncodings = 0;
			knownRegions = (
				en,
				Base,
			);
			mainGroup = 2D44C22724DA0A0B0077B065;
			productRefGroup = 2D44C23124DA0A0B0077B065 /* Products */;
			projectDirPath = "";
			projectRoot = "";
			targets = (
				2D44C22F24DA0A0B0077B065 /* backend creation */,
			);
		};
/* End PBXProject section */

/* Begin PBXResourcesBuildPhase section */
		2D44C22E24DA0A0B0077B065 /* Resources */ = {
			isa = PBXResourcesBuildPhase;
			buildActionMask = 2147483647;
			files = (
				2D44C24024DA0A130077B065 /* LaunchScreen.storyboard in Resources */,
				2D44C23D24DA0A130077B065 /* Assets.xcassets in Resources */,
				2D44C23B24DA0A0B0077B065 /* Main.storyboard in Resources */,
			);
			runOnlyForDeploymentPostprocessing = 0;
		};
/* End PBXResourcesBuildPhase section */

/* Begin PBXSourcesBuildPhase section */
		2D44C22C24DA0A0B0077B065 /* Sources */ = {
			isa = PBXSourcesBuildPhase;
			buildActionMask = 2147483647;
			files = (
				2D44C23824DA0A0B0077B065 /* ViewController.swift in Sources */,
				2D44C23424DA0A0B0077B065 /* AppDelegate.swift in Sources */,
				2D44C24824DA0FD90077B065 /* API.swift in Sources */,
				2D44C23624DA0A0B0077B065 /* SceneDelegate.swift in Sources */,
			);
			runOnlyForDeploymentPostprocessing = 0;
		};
/* End PBXSourcesBuildPhase section */

/* Begin PBXVariantGroup section */
		2D44C23924DA0A0B0077B065 /* Main.storyboard */ = {
			isa = PBXVariantGroup;
			children = (
				2D44C23A24DA0A0B0077B065 /* Base */,
			);
			name = Main.storyboard;
			sourceTree = "<group>";
		};
		2D44C23E24DA0A130077B065 /* LaunchScreen.storyboard */ = {
			isa = PBXVariantGroup;
			children = (
				2D44C23F24DA0A130077B065 /* Base */,
			);
			name = LaunchScreen.storyboard;
			sourceTree = "<group>";
		};
/* End PBXVariantGroup section */

/* Begin XCBuildConfiguration section */
		2D44C24224DA0A130077B065 /* Debug */ = {
			isa = XCBuildConfiguration;
			buildSettings = {
				ALWAYS_SEARCH_USER_PATHS = NO;
				CLANG_ANALYZER_NONNULL = YES;
				CLANG_ANALYZER_NUMBER_OBJECT_CONVERSION = YES_AGGRESSIVE;
				CLANG_CXX_LANGUAGE_STANDARD = "gnu++14";
				CLANG_CXX_LIBRARY = "libc++";
				CLANG_ENABLE_MODULES = YES;
				CLANG_ENABLE_OBJC_ARC = YES;
				CLANG_ENABLE_OBJC_WEAK = YES;
				CLANG_WARN_BLOCK_CAPTURE_AUTORELEASING = YES;
				CLANG_WARN_BOOL_CONVERSION = YES;
				CLANG_WARN_COMMA = YES;
				CLANG_WARN_CONSTANT_CONVERSION = YES;
				CLANG_WARN_DEPRECATED_OBJC_IMPLEMENTATIONS = YES;
				CLANG_WARN_DIRECT_OBJC_ISA_USAGE = YES_ERROR;
				CLANG_WARN_DOCUMENTATION_COMMENTS = YES;
				CLANG_WARN_EMPTY_BODY = YES;
				CLANG_WARN_ENUM_CONVERSION = YES;
				CLANG_WARN_INFINITE_RECURSION = YES;
				CLANG_WARN_INT_CONVERSION = YES;
				CLANG_WARN_NON_LITERAL_NULL_CONVERSION = YES;
				CLANG_WARN_OBJC_IMPLICIT_RETAIN_SELF = YES;
				CLANG_WARN_OBJC_LITERAL_CONVERSION = YES;
				CLANG_WARN_OBJC_ROOT_CLASS = YES_ERROR;
				CLANG_WARN_RANGE_LOOP_ANALYSIS = YES;
				CLANG_WARN_STRICT_PROTOTYPES = YES;
				CLANG_WARN_SUSPICIOUS_MOVE = YES;
				CLANG_WARN_UNGUARDED_AVAILABILITY = YES_AGGRESSIVE;
				CLANG_WARN_UNREACHABLE_CODE = YES;
				CLANG_WARN__DUPLICATE_METHOD_MATCH = YES;
				COPY_PHASE_STRIP = NO;
				DEBUG_INFORMATION_FORMAT = dwarf;
				ENABLE_STRICT_OBJC_MSGSEND = YES;
				ENABLE_TESTABILITY = YES;
				GCC_C_LANGUAGE_STANDARD = gnu11;
				GCC_DYNAMIC_NO_PIC = NO;
				GCC_NO_COMMON_BLOCKS = YES;
				GCC_OPTIMIZATION_LEVEL = 0;
				GCC_PREPROCESSOR_DEFINITIONS = (
					"DEBUG=1",
					"$(inherited)",
				);
				GCC_WARN_64_TO_32_BIT_CONVERSION = YES;
				GCC_WARN_ABOUT_RETURN_TYPE = YES_ERROR;
				GCC_WARN_UNDECLARED_SELECTOR = YES;
				GCC_WARN_UNINITIALIZED_AUTOS = YES_AGGRESSIVE;
				GCC_WARN_UNUSED_FUNCTION = YES;
				GCC_WARN_UNUSED_VARIABLE = YES;
				IPHONEOS_DEPLOYMENT_TARGET = 13.6;
				MTL_ENABLE_DEBUG_INFO = INCLUDE_SOURCE;
				MTL_FAST_MATH = YES;
				ONLY_ACTIVE_ARCH = YES;
				SDKROOT = iphoneos;
				SWIFT_ACTIVE_COMPILATION_CONDITIONS = DEBUG;
				SWIFT_OPTIMIZATION_LEVEL = "-Onone";
			};
			name = Debug;
		};
		2D44C24324DA0A130077B065 /* Release */ = {
			isa = XCBuildConfiguration;
			buildSettings = {
				ALWAYS_SEARCH_USER_PATHS = NO;
				CLANG_ANALYZER_NONNULL = YES;
				CLANG_ANALYZER_NUMBER_OBJECT_CONVERSION = YES_AGGRESSIVE;
				CLANG_CXX_LANGUAGE_STANDARD = "gnu++14";
				CLANG_CXX_LIBRARY = "libc++";
				CLANG_ENABLE_MODULES = YES;
				CLANG_ENABLE_OBJC_ARC = YES;
				CLANG_ENABLE_OBJC_WEAK = YES;
				CLANG_WARN_BLOCK_CAPTURE_AUTORELEASING = YES;
				CLANG_WARN_BOOL_CONVERSION = YES;
				CLANG_WARN_COMMA = YES;
				CLANG_WARN_CONSTANT_CONVERSION = YES;
				CLANG_WARN_DEPRECATED_OBJC_IMPLEMENTATIONS = YES;
				CLANG_WARN_DIRECT_OBJC_ISA_USAGE = YES_ERROR;
				CLANG_WARN_DOCUMENTATION_COMMENTS = YES;
				CLANG_WARN_EMPTY_BODY = YES;
				CLANG_WARN_ENUM_CONVERSION = YES;
				CLANG_WARN_INFINITE_RECURSION = YES;
				CLANG_WARN_INT_CONVERSION = YES;
				CLANG_WARN_NON_LITERAL_NULL_CONVERSION = YES;
				CLANG_WARN_OBJC_IMPLICIT_RETAIN_SELF = YES;
				CLANG_WARN_OBJC_LITERAL_CONVERSION = YES;
				CLANG_WARN_OBJC_ROOT_CLASS = YES_ERROR;
				CLANG_WARN_RANGE_LOOP_ANALYSIS = YES;
				CLANG_WARN_STRICT_PROTOTYPES = YES;
				CLANG_WARN_SUSPICIOUS_MOVE = YES;
				CLANG_WARN_UNGUARDED_AVAILABILITY = YES_AGGRESSIVE;
				CLANG_WARN_UNREACHABLE_CODE = YES;
				CLANG_WARN__DUPLICATE_METHOD_MATCH = YES;
				COPY_PHASE_STRIP = NO;
				DEBUG_INFORMATION_FORMAT = "dwarf-with-dsym";
				ENABLE_NS_ASSERTIONS = NO;
				ENABLE_STRICT_OBJC_MSGSEND = YES;
				GCC_C_LANGUAGE_STANDARD = gnu11;
				GCC_NO_COMMON_BLOCKS = YES;
				GCC_WARN_64_TO_32_BIT_CONVERSION = YES;
				GCC_WARN_ABOUT_RETURN_TYPE = YES_ERROR;
				GCC_WARN_UNDECLARED_SELECTOR = YES;
				GCC_WARN_UNINITIALIZED_AUTOS = YES_AGGRESSIVE;
				GCC_WARN_UNUSED_FUNCTION = YES;
				GCC_WARN_UNUSED_VARIABLE = YES;
				IPHONEOS_DEPLOYMENT_TARGET = 13.6;
				MTL_ENABLE_DEBUG_INFO = NO;
				MTL_FAST_MATH = YES;
				SDKROOT = iphoneos;
				SWIFT_COMPILATION_MODE = wholemodule;
				SWIFT_OPTIMIZATION_LEVEL = "-O";
				VALIDATE_PRODUCT = YES;
			};
			name = Release;
		};
		2D44C24524DA0A130077B065 /* Debug */ = {
			isa = XCBuildConfiguration;
			buildSettings = {
				ASSETCATALOG_COMPILER_APPICON_NAME = AppIcon;
				CODE_SIGN_STYLE = Automatic;
				INFOPLIST_FILE = "backend creation/Info.plist";
				LD_RUNPATH_SEARCH_PATHS = (
					"$(inherited)",
					"@executable_path/Frameworks",
				);
				PRODUCT_BUNDLE_IDENTIFIER = "com.example.backend-creation";
				PRODUCT_NAME = "$(TARGET_NAME)";
				SWIFT_VERSION = 5.0;
				TARGETED_DEVICE_FAMILY = "1,2";
			};
			name = Debug;
		};
		2D44C24624DA0A130077B065 /* Release */ = {
			isa = XCBuildConfiguration;
			buildSettings = {
				ASSETCATALOG_COMPILER_APPICON_NAME = AppIcon;
				CODE_SIGN_STYLE = Automatic;
				INFOPLIST_FILE = "backend creation/Info.plist";
				LD_RUNPATH_SEARCH_PATHS = (
					"$(inherited)",
					"@executable_path/Frameworks",
				);
				PRODUCT_BUNDLE_IDENTIFIER = "com.example.backend-creation";
				PRODUCT_NAME = "$(TARGET_NAME)";
				SWIFT_VERSION = 5.0;
				TARGETED_DEVICE_FAMILY = "1,2";
			};
			name = Release;
		};
/* End XCBuildConfiguration section */

/* Begin XCConfigurationList section */
		2D44C22B24DA0A0B0077B065 /* Build configuration list for PBXProject "backend creation" */ = {
			isa = XCConfigurationList;
			buildConfigurations = (
				2D44C24224DA0A130077B065 /* Debug */,
				2D44C24324DA0A130077B065 /* Release */,
			);
			defaultConfigurationIsVisible = 0;
			defaultConfigurationName = Release;
		};
		2D44C24424DA0A130077B065 /* Build configuration list for PBXNativeTarget "backend creation" */ = {
			isa = XCConfigurationList;
			buildConfigurations = (
				2D44C24524DA0A130077B065 /* Debug */,
				2D44C24624DA0A130077B065 /* Release */,
			);
			defaultConfigurationIsVisible = 0;
			defaultConfigurationName = Release;
		};
/* End XCConfigurationList section */
	};
	rootObject = 2D44C22824DA0A0B0077B065 /* Project object */;
}
