// !$*UTF8*$!
{
	archiveVersion = 1;
	classes = {
	};
	objectVersion = 50;
	objects = {

/* Begin PBXBuildFile section */
		2D8DE05F24D5202C0009549E /* AppDelegate.swift in Sources */ = {isa = PBXBuildFile; fileRef = 2D8DE05E24D5202C0009549E /* AppDelegate.swift */; };
		2D8DE06124D5202C0009549E /* SceneDelegate.swift in Sources */ = {isa = PBXBuildFile; fileRef = 2D8DE06024D5202C0009549E /* SceneDelegate.swift */; };
		2D8DE06324D5202C0009549E /* ContentView.swift in Sources */ = {isa = PBXBuildFile; fileRef = 2D8DE06224D5202C0009549E /* ContentView.swift */; };
		2D8DE06524D520320009549E /* Assets.xcassets in Resources */ = {isa = PBXBuildFile; fileRef = 2D8DE06424D520320009549E /* Assets.xcassets */; };
		2D8DE06824D520320009549E /* Preview Assets.xcassets in Resources */ = {isa = PBXBuildFile; fileRef = 2D8DE06724D520320009549E /* Preview Assets.xcassets */; };
		2D8DE06B24D520320009549E /* LaunchScreen.storyboard in Resources */ = {isa = PBXBuildFile; fileRef = 2D8DE06924D520320009549E /* LaunchScreen.storyboard */; };
		2D8DE07624D520320009549E /* WireframeTests.swift in Sources */ = {isa = PBXBuildFile; fileRef = 2D8DE07524D520320009549E /* WireframeTests.swift */; };
		2D8DE08124D520320009549E /* WireframeUITests.swift in Sources */ = {isa = PBXBuildFile; fileRef = 2D8DE08024D520320009549E /* WireframeUITests.swift */; };
		2DD6A5B424D9292B006580E1 /* API.swift in Sources */ = {isa = PBXBuildFile; fileRef = 2DD6A5B324D9292B006580E1 /* API.swift */; };
/* End PBXBuildFile section */

/* Begin PBXContainerItemProxy section */
		2D8DE07224D520320009549E /* PBXContainerItemProxy */ = {
			isa = PBXContainerItemProxy;
			containerPortal = 2D8DE05324D5202C0009549E /* Project object */;
			proxyType = 1;
			remoteGlobalIDString = 2D8DE05A24D5202C0009549E;
			remoteInfo = Wireframe;
		};
		2D8DE07D24D520320009549E /* PBXContainerItemProxy */ = {
			isa = PBXContainerItemProxy;
			containerPortal = 2D8DE05324D5202C0009549E /* Project object */;
			proxyType = 1;
			remoteGlobalIDString = 2D8DE05A24D5202C0009549E;
			remoteInfo = Wireframe;
		};
/* End PBXContainerItemProxy section */

/* Begin PBXFileReference section */
		2D8DE05B24D5202C0009549E /* Wireframe.app */ = {isa = PBXFileReference; explicitFileType = wrapper.application; includeInIndex = 0; path = Wireframe.app; sourceTree = BUILT_PRODUCTS_DIR; };
		2D8DE05E24D5202C0009549E /* AppDelegate.swift */ = {isa = PBXFileReference; lastKnownFileType = sourcecode.swift; path = AppDelegate.swift; sourceTree = "<group>"; };
		2D8DE06024D5202C0009549E /* SceneDelegate.swift */ = {isa = PBXFileReference; lastKnownFileType = sourcecode.swift; path = SceneDelegate.swift; sourceTree = "<group>"; };
		2D8DE06224D5202C0009549E /* ContentView.swift */ = {isa = PBXFileReference; lastKnownFileType = sourcecode.swift; path = ContentView.swift; sourceTree = "<group>"; };
		2D8DE06424D520320009549E /* Assets.xcassets */ = {isa = PBXFileReference; lastKnownFileType = folder.assetcatalog; path = Assets.xcassets; sourceTree = "<group>"; };
		2D8DE06724D520320009549E /* Preview Assets.xcassets */ = {isa = PBXFileReference; lastKnownFileType = folder.assetcatalog; path = "Preview Assets.xcassets"; sourceTree = "<group>"; };
		2D8DE06A24D520320009549E /* Base */ = {isa = PBXFileReference; lastKnownFileType = file.storyboard; name = Base; path = Base.lproj/LaunchScreen.storyboard; sourceTree = "<group>"; };
		2D8DE06C24D520320009549E /* Info.plist */ = {isa = PBXFileReference; lastKnownFileType = text.plist.xml; path = Info.plist; sourceTree = "<group>"; };
		2D8DE07124D520320009549E /* WireframeTests.xctest */ = {isa = PBXFileReference; explicitFileType = wrapper.cfbundle; includeInIndex = 0; path = WireframeTests.xctest; sourceTree = BUILT_PRODUCTS_DIR; };
		2D8DE07524D520320009549E /* WireframeTests.swift */ = {isa = PBXFileReference; lastKnownFileType = sourcecode.swift; path = WireframeTests.swift; sourceTree = "<group>"; };
		2D8DE07724D520320009549E /* Info.plist */ = {isa = PBXFileReference; lastKnownFileType = text.plist.xml; path = Info.plist; sourceTree = "<group>"; };
		2D8DE07C24D520320009549E /* WireframeUITests.xctest */ = {isa = PBXFileReference; explicitFileType = wrapper.cfbundle; includeInIndex = 0; path = WireframeUITests.xctest; sourceTree = BUILT_PRODUCTS_DIR; };
		2D8DE08024D520320009549E /* WireframeUITests.swift */ = {isa = PBXFileReference; lastKnownFileType = sourcecode.swift; path = WireframeUITests.swift; sourceTree = "<group>"; };
		2D8DE08224D520320009549E /* Info.plist */ = {isa = PBXFileReference; lastKnownFileType = text.plist.xml; path = Info.plist; sourceTree = "<group>"; };
		2DD6A5B324D9292B006580E1 /* API.swift */ = {isa = PBXFileReference; lastKnownFileType = sourcecode.swift; path = API.swift; sourceTree = "<group>"; };
/* End PBXFileReference section */

/* Begin PBXFrameworksBuildPhase section */
		2D8DE05824D5202C0009549E /* Frameworks */ = {
			isa = PBXFrameworksBuildPhase;
			buildActionMask = 2147483647;
			files = (
			);
			runOnlyForDeploymentPostprocessing = 0;
		};
		2D8DE06E24D520320009549E /* Frameworks */ = {
			isa = PBXFrameworksBuildPhase;
			buildActionMask = 2147483647;
			files = (
			);
			runOnlyForDeploymentPostprocessing = 0;
		};
		2D8DE07924D520320009549E /* Frameworks */ = {
			isa = PBXFrameworksBuildPhase;
			buildActionMask = 2147483647;
			files = (
			);
			runOnlyForDeploymentPostprocessing = 0;
		};
/* End PBXFrameworksBuildPhase section */

/* Begin PBXGroup section */
		2D8DE05224D5202C0009549E = {
			isa = PBXGroup;
			children = (
				2D8DE05D24D5202C0009549E /* Wireframe */,
				2D8DE07424D520320009549E /* WireframeTests */,
				2D8DE07F24D520320009549E /* WireframeUITests */,
				2D8DE05C24D5202C0009549E /* Products */,
			);
			sourceTree = "<group>";
		};
		2D8DE05C24D5202C0009549E /* Products */ = {
			isa = PBXGroup;
			children = (
				2D8DE05B24D5202C0009549E /* Wireframe.app */,
				2D8DE07124D520320009549E /* WireframeTests.xctest */,
				2D8DE07C24D520320009549E /* WireframeUITests.xctest */,
			);
			name = Products;
			sourceTree = "<group>";
		};
		2D8DE05D24D5202C0009549E /* Wireframe */ = {
			isa = PBXGroup;
			children = (
				2D8DE05E24D5202C0009549E /* AppDelegate.swift */,
				2D8DE06024D5202C0009549E /* SceneDelegate.swift */,
				2D8DE06224D5202C0009549E /* ContentView.swift */,
				2DD6A5B324D9292B006580E1 /* API.swift */,
				2D8DE06424D520320009549E /* Assets.xcassets */,
				2D8DE06924D520320009549E /* LaunchScreen.storyboard */,
				2D8DE06C24D520320009549E /* Info.plist */,
				2D8DE06624D520320009549E /* Preview Content */,
			);
			path = Wireframe;
			sourceTree = "<group>";
		};
		2D8DE06624D520320009549E /* Preview Content */ = {
			isa = PBXGroup;
			children = (
				2D8DE06724D520320009549E /* Preview Assets.xcassets */,
			);
			path = "Preview Content";
			sourceTree = "<group>";
		};
		2D8DE07424D520320009549E /* WireframeTests */ = {
			isa = PBXGroup;
			children = (
				2D8DE07524D520320009549E /* WireframeTests.swift */,
				2D8DE07724D520320009549E /* Info.plist */,
			);
			path = WireframeTests;
			sourceTree = "<group>";
		};
		2D8DE07F24D520320009549E /* WireframeUITests */ = {
			isa = PBXGroup;
			children = (
				2D8DE08024D520320009549E /* WireframeUITests.swift */,
				2D8DE08224D520320009549E /* Info.plist */,
			);
			path = WireframeUITests;
			sourceTree = "<group>";
		};
/* End PBXGroup section */

/* Begin PBXNativeTarget section */
		2D8DE05A24D5202C0009549E /* Wireframe */ = {
			isa = PBXNativeTarget;
			buildConfigurationList = 2D8DE08524D520320009549E /* Build configuration list for PBXNativeTarget "Wireframe" */;
			buildPhases = (
				2D8DE05724D5202C0009549E /* Sources */,
				2D8DE05824D5202C0009549E /* Frameworks */,
				2D8DE05924D5202C0009549E /* Resources */,
			);
			buildRules = (
			);
			dependencies = (
			);
			name = Wireframe;
			productName = Wireframe;
			productReference = 2D8DE05B24D5202C0009549E /* Wireframe.app */;
			productType = "com.apple.product-type.application";
		};
		2D8DE07024D520320009549E /* WireframeTests */ = {
			isa = PBXNativeTarget;
			buildConfigurationList = 2D8DE08824D520320009549E /* Build configuration list for PBXNativeTarget "WireframeTests" */;
			buildPhases = (
				2D8DE06D24D520320009549E /* Sources */,
				2D8DE06E24D520320009549E /* Frameworks */,
				2D8DE06F24D520320009549E /* Resources */,
			);
			buildRules = (
			);
			dependencies = (
				2D8DE07324D520320009549E /* PBXTargetDependency */,
			);
			name = WireframeTests;
			productName = WireframeTests;
			productReference = 2D8DE07124D520320009549E /* WireframeTests.xctest */;
			productType = "com.apple.product-type.bundle.unit-test";
		};
		2D8DE07B24D520320009549E /* WireframeUITests */ = {
			isa = PBXNativeTarget;
			buildConfigurationList = 2D8DE08B24D520320009549E /* Build configuration list for PBXNativeTarget "WireframeUITests" */;
			buildPhases = (
				2D8DE07824D520320009549E /* Sources */,
				2D8DE07924D520320009549E /* Frameworks */,
				2D8DE07A24D520320009549E /* Resources */,
			);
			buildRules = (
			);
			dependencies = (
				2D8DE07E24D520320009549E /* PBXTargetDependency */,
			);
			name = WireframeUITests;
			productName = WireframeUITests;
			productReference = 2D8DE07C24D520320009549E /* WireframeUITests.xctest */;
			productType = "com.apple.product-type.bundle.ui-testing";
		};
/* End PBXNativeTarget section */

/* Begin PBXProject section */
		2D8DE05324D5202C0009549E /* Project object */ = {
			isa = PBXProject;
			attributes = {
				LastSwiftUpdateCheck = 1150;
				LastUpgradeCheck = 1150;
				ORGANIZATIONNAME = "Serina Khanna";
				TargetAttributes = {
					2D8DE05A24D5202C0009549E = {
						CreatedOnToolsVersion = 11.5;
					};
					2D8DE07024D520320009549E = {
						CreatedOnToolsVersion = 11.5;
						TestTargetID = 2D8DE05A24D5202C0009549E;
					};
					2D8DE07B24D520320009549E = {
						CreatedOnToolsVersion = 11.5;
						TestTargetID = 2D8DE05A24D5202C0009549E;
					};
				};
			};
			buildConfigurationList = 2D8DE05624D5202C0009549E /* Build configuration list for PBXProject "Wireframe" */;
			compatibilityVersion = "Xcode 9.3";
			developmentRegion = en;
			hasScannedForEncodings = 0;
			knownRegions = (
				en,
				Base,
			);
			mainGroup = 2D8DE05224D5202C0009549E;
			productRefGroup = 2D8DE05C24D5202C0009549E /* Products */;
			projectDirPath = "";
			projectRoot = "";
			targets = (
				2D8DE05A24D5202C0009549E /* Wireframe */,
				2D8DE07024D520320009549E /* WireframeTests */,
				2D8DE07B24D520320009549E /* WireframeUITests */,
			);
		};
/* End PBXProject section */

/* Begin PBXResourcesBuildPhase section */
		2D8DE05924D5202C0009549E /* Resources */ = {
			isa = PBXResourcesBuildPhase;
			buildActionMask = 2147483647;
			files = (
				2D8DE06B24D520320009549E /* LaunchScreen.storyboard in Resources */,
				2D8DE06824D520320009549E /* Preview Assets.xcassets in Resources */,
				2D8DE06524D520320009549E /* Assets.xcassets in Resources */,
			);
			runOnlyForDeploymentPostprocessing = 0;
		};
		2D8DE06F24D520320009549E /* Resources */ = {
			isa = PBXResourcesBuildPhase;
			buildActionMask = 2147483647;
			files = (
			);
			runOnlyForDeploymentPostprocessing = 0;
		};
		2D8DE07A24D520320009549E /* Resources */ = {
			isa = PBXResourcesBuildPhase;
			buildActionMask = 2147483647;
			files = (
			);
			runOnlyForDeploymentPostprocessing = 0;
		};
/* End PBXResourcesBuildPhase section */

/* Begin PBXSourcesBuildPhase section */
		2D8DE05724D5202C0009549E /* Sources */ = {
			isa = PBXSourcesBuildPhase;
			buildActionMask = 2147483647;
			files = (
				2D8DE05F24D5202C0009549E /* AppDelegate.swift in Sources */,
				2D8DE06124D5202C0009549E /* SceneDelegate.swift in Sources */,
				2DD6A5B424D9292B006580E1 /* API.swift in Sources */,
				2D8DE06324D5202C0009549E /* ContentView.swift in Sources */,
			);
			runOnlyForDeploymentPostprocessing = 0;
		};
		2D8DE06D24D520320009549E /* Sources */ = {
			isa = PBXSourcesBuildPhase;
			buildActionMask = 2147483647;
			files = (
				2D8DE07624D520320009549E /* WireframeTests.swift in Sources */,
			);
			runOnlyForDeploymentPostprocessing = 0;
		};
		2D8DE07824D520320009549E /* Sources */ = {
			isa = PBXSourcesBuildPhase;
			buildActionMask = 2147483647;
			files = (
				2D8DE08124D520320009549E /* WireframeUITests.swift in Sources */,
			);
			runOnlyForDeploymentPostprocessing = 0;
		};
/* End PBXSourcesBuildPhase section */

/* Begin PBXTargetDependency section */
		2D8DE07324D520320009549E /* PBXTargetDependency */ = {
			isa = PBXTargetDependency;
			target = 2D8DE05A24D5202C0009549E /* Wireframe */;
			targetProxy = 2D8DE07224D520320009549E /* PBXContainerItemProxy */;
		};
		2D8DE07E24D520320009549E /* PBXTargetDependency */ = {
			isa = PBXTargetDependency;
			target = 2D8DE05A24D5202C0009549E /* Wireframe */;
			targetProxy = 2D8DE07D24D520320009549E /* PBXContainerItemProxy */;
		};
/* End PBXTargetDependency section */

/* Begin PBXVariantGroup section */
		2D8DE06924D520320009549E /* LaunchScreen.storyboard */ = {
			isa = PBXVariantGroup;
			children = (
				2D8DE06A24D520320009549E /* Base */,
			);
			name = LaunchScreen.storyboard;
			sourceTree = "<group>";
		};
/* End PBXVariantGroup section */

/* Begin XCBuildConfiguration section */
		2D8DE08324D520320009549E /* Debug */ = {
			isa = XCBuildConfiguration;
			buildSettings = {
				ALWAYS_SEARCH_USER_PATHS = NO;
				CLANG_ANALYZER_NONNULL = YES;
				CLANG_ANALYZER_NUMBER_OBJECT_CONVERSION = YES_AGGRESSIVE;
				CLANG_CXX_LANGUAGE_STANDARD = "gnu++14";
				CLANG_CXX_LIBRARY = "libc++";
				CLANG_ENABLE_MODULES = YES;
				CLANG_ENABLE_OBJC_ARC = YES;
				CLANG_ENABLE_OBJC_WEAK = YES;
				CLANG_WARN_BLOCK_CAPTURE_AUTORELEASING = YES;
				CLANG_WARN_BOOL_CONVERSION = YES;
				CLANG_WARN_COMMA = YES;
				CLANG_WARN_CONSTANT_CONVERSION = YES;
				CLANG_WARN_DEPRECATED_OBJC_IMPLEMENTATIONS = YES;
				CLANG_WARN_DIRECT_OBJC_ISA_USAGE = YES_ERROR;
				CLANG_WARN_DOCUMENTATION_COMMENTS = YES;
				CLANG_WARN_EMPTY_BODY = YES;
				CLANG_WARN_ENUM_CONVERSION = YES;
				CLANG_WARN_INFINITE_RECURSION = YES;
				CLANG_WARN_INT_CONVERSION = YES;
				CLANG_WARN_NON_LITERAL_NULL_CONVERSION = YES;
				CLANG_WARN_OBJC_IMPLICIT_RETAIN_SELF = YES;
				CLANG_WARN_OBJC_LITERAL_CONVERSION = YES;
				CLANG_WARN_OBJC_ROOT_CLASS = YES_ERROR;
				CLANG_WARN_RANGE_LOOP_ANALYSIS = YES;
				CLANG_WARN_STRICT_PROTOTYPES = YES;
				CLANG_WARN_SUSPICIOUS_MOVE = YES;
				CLANG_WARN_UNGUARDED_AVAILABILITY = YES_AGGRESSIVE;
				CLANG_WARN_UNREACHABLE_CODE = YES;
				CLANG_WARN__DUPLICATE_METHOD_MATCH = YES;
				COPY_PHASE_STRIP = NO;
				DEBUG_INFORMATION_FORMAT = dwarf;
				ENABLE_STRICT_OBJC_MSGSEND = YES;
				ENABLE_TESTABILITY = YES;
				GCC_C_LANGUAGE_STANDARD = gnu11;
				GCC_DYNAMIC_NO_PIC = NO;
				GCC_NO_COMMON_BLOCKS = YES;
				GCC_OPTIMIZATION_LEVEL = 0;
				GCC_PREPROCESSOR_DEFINITIONS = (
					"DEBUG=1",
					"$(inherited)",
				);
				GCC_WARN_64_TO_32_BIT_CONVERSION = YES;
				GCC_WARN_ABOUT_RETURN_TYPE = YES_ERROR;
				GCC_WARN_UNDECLARED_SELECTOR = YES;
				GCC_WARN_UNINITIALIZED_AUTOS = YES_AGGRESSIVE;
				GCC_WARN_UNUSED_FUNCTION = YES;
				GCC_WARN_UNUSED_VARIABLE = YES;
				IPHONEOS_DEPLOYMENT_TARGET = 13.5;
				MTL_ENABLE_DEBUG_INFO = INCLUDE_SOURCE;
				MTL_FAST_MATH = YES;
				ONLY_ACTIVE_ARCH = YES;
				SDKROOT = iphoneos;
				SWIFT_ACTIVE_COMPILATION_CONDITIONS = DEBUG;
				SWIFT_OPTIMIZATION_LEVEL = "-Onone";
			};
			name = Debug;
		};
		2D8DE08424D520320009549E /* Release */ = {
			isa = XCBuildConfiguration;
			buildSettings = {
				ALWAYS_SEARCH_USER_PATHS = NO;
				CLANG_ANALYZER_NONNULL = YES;
				CLANG_ANALYZER_NUMBER_OBJECT_CONVERSION = YES_AGGRESSIVE;
				CLANG_CXX_LANGUAGE_STANDARD = "gnu++14";
				CLANG_CXX_LIBRARY = "libc++";
				CLANG_ENABLE_MODULES = YES;
				CLANG_ENABLE_OBJC_ARC = YES;
				CLANG_ENABLE_OBJC_WEAK = YES;
				CLANG_WARN_BLOCK_CAPTURE_AUTORELEASING = YES;
				CLANG_WARN_BOOL_CONVERSION = YES;
				CLANG_WARN_COMMA = YES;
				CLANG_WARN_CONSTANT_CONVERSION = YES;
				CLANG_WARN_DEPRECATED_OBJC_IMPLEMENTATIONS = YES;
				CLANG_WARN_DIRECT_OBJC_ISA_USAGE = YES_ERROR;
				CLANG_WARN_DOCUMENTATION_COMMENTS = YES;
				CLANG_WARN_EMPTY_BODY = YES;
				CLANG_WARN_ENUM_CONVERSION = YES;
				CLANG_WARN_INFINITE_RECURSION = YES;
				CLANG_WARN_INT_CONVERSION = YES;
				CLANG_WARN_NON_LITERAL_NULL_CONVERSION = YES;
				CLANG_WARN_OBJC_IMPLICIT_RETAIN_SELF = YES;
				CLANG_WARN_OBJC_LITERAL_CONVERSION = YES;
				CLANG_WARN_OBJC_ROOT_CLASS = YES_ERROR;
				CLANG_WARN_RANGE_LOOP_ANALYSIS = YES;
				CLANG_WARN_STRICT_PROTOTYPES = YES;
				CLANG_WARN_SUSPICIOUS_MOVE = YES;
				CLANG_WARN_UNGUARDED_AVAILABILITY = YES_AGGRESSIVE;
				CLANG_WARN_UNREACHABLE_CODE = YES;
				CLANG_WARN__DUPLICATE_METHOD_MATCH = YES;
				COPY_PHASE_STRIP = NO;
				DEBUG_INFORMATION_FORMAT = "dwarf-with-dsym";
				ENABLE_NS_ASSERTIONS = NO;
				ENABLE_STRICT_OBJC_MSGSEND = YES;
				GCC_C_LANGUAGE_STANDARD = gnu11;
				GCC_NO_COMMON_BLOCKS = YES;
				GCC_WARN_64_TO_32_BIT_CONVERSION = YES;
				GCC_WARN_ABOUT_RETURN_TYPE = YES_ERROR;
				GCC_WARN_UNDECLARED_SELECTOR = YES;
				GCC_WARN_UNINITIALIZED_AUTOS = YES_AGGRESSIVE;
				GCC_WARN_UNUSED_FUNCTION = YES;
				GCC_WARN_UNUSED_VARIABLE = YES;
				IPHONEOS_DEPLOYMENT_TARGET = 13.5;
				MTL_ENABLE_DEBUG_INFO = NO;
				MTL_FAST_MATH = YES;
				SDKROOT = iphoneos;
				SWIFT_COMPILATION_MODE = wholemodule;
				SWIFT_OPTIMIZATION_LEVEL = "-O";
				VALIDATE_PRODUCT = YES;
			};
			name = Release;
		};
		2D8DE08624D520320009549E /* Debug */ = {
			isa = XCBuildConfiguration;
			buildSettings = {
				ASSETCATALOG_COMPILER_APPICON_NAME = AppIcon;
				CODE_SIGN_STYLE = Automatic;
				DEVELOPMENT_ASSET_PATHS = "\"Wireframe/Preview Content\"";
				ENABLE_PREVIEWS = YES;
				INFOPLIST_FILE = Wireframe/Info.plist;
				LD_RUNPATH_SEARCH_PATHS = (
					"$(inherited)",
					"@executable_path/Frameworks",
				);
				PRODUCT_BUNDLE_IDENTIFIER = com.example.Wireframe;
				PRODUCT_NAME = "$(TARGET_NAME)";
				SWIFT_VERSION = 5.0;
				TARGETED_DEVICE_FAMILY = "1,2";
			};
			name = Debug;
		};
		2D8DE08724D520320009549E /* Release */ = {
			isa = XCBuildConfiguration;
			buildSettings = {
				ASSETCATALOG_COMPILER_APPICON_NAME = AppIcon;
				CODE_SIGN_STYLE = Automatic;
				DEVELOPMENT_ASSET_PATHS = "\"Wireframe/Preview Content\"";
				ENABLE_PREVIEWS = YES;
				INFOPLIST_FILE = Wireframe/Info.plist;
				LD_RUNPATH_SEARCH_PATHS = (
					"$(inherited)",
					"@executable_path/Frameworks",
				);
				PRODUCT_BUNDLE_IDENTIFIER = com.example.Wireframe;
				PRODUCT_NAME = "$(TARGET_NAME)";
				SWIFT_VERSION = 5.0;
				TARGETED_DEVICE_FAMILY = "1,2";
			};
			name = Release;
		};
		2D8DE08924D520320009549E /* Debug */ = {
			isa = XCBuildConfiguration;
			buildSettings = {
				ALWAYS_EMBED_SWIFT_STANDARD_LIBRARIES = YES;
				BUNDLE_LOADER = "$(TEST_HOST)";
				CODE_SIGN_STYLE = Automatic;
				INFOPLIST_FILE = WireframeTests/Info.plist;
				IPHONEOS_DEPLOYMENT_TARGET = 13.5;
				LD_RUNPATH_SEARCH_PATHS = (
					"$(inherited)",
					"@executable_path/Frameworks",
					"@loader_path/Frameworks",
				);
				PRODUCT_BUNDLE_IDENTIFIER = com.example.WireframeTests;
				PRODUCT_NAME = "$(TARGET_NAME)";
				SWIFT_VERSION = 5.0;
				TARGETED_DEVICE_FAMILY = "1,2";
				TEST_HOST = "$(BUILT_PRODUCTS_DIR)/Wireframe.app/Wireframe";
			};
			name = Debug;
		};
		2D8DE08A24D520320009549E /* Release */ = {
			isa = XCBuildConfiguration;
			buildSettings = {
				ALWAYS_EMBED_SWIFT_STANDARD_LIBRARIES = YES;
				BUNDLE_LOADER = "$(TEST_HOST)";
				CODE_SIGN_STYLE = Automatic;
				INFOPLIST_FILE = WireframeTests/Info.plist;
				IPHONEOS_DEPLOYMENT_TARGET = 13.5;
				LD_RUNPATH_SEARCH_PATHS = (
					"$(inherited)",
					"@executable_path/Frameworks",
					"@loader_path/Frameworks",
				);
				PRODUCT_BUNDLE_IDENTIFIER = com.example.WireframeTests;
				PRODUCT_NAME = "$(TARGET_NAME)";
				SWIFT_VERSION = 5.0;
				TARGETED_DEVICE_FAMILY = "1,2";
				TEST_HOST = "$(BUILT_PRODUCTS_DIR)/Wireframe.app/Wireframe";
			};
			name = Release;
		};
		2D8DE08C24D520320009549E /* Debug */ = {
			isa = XCBuildConfiguration;
			buildSettings = {
				ALWAYS_EMBED_SWIFT_STANDARD_LIBRARIES = YES;
				CODE_SIGN_STYLE = Automatic;
				INFOPLIST_FILE = WireframeUITests/Info.plist;
				LD_RUNPATH_SEARCH_PATHS = (
					"$(inherited)",
					"@executable_path/Frameworks",
					"@loader_path/Frameworks",
				);
				PRODUCT_BUNDLE_IDENTIFIER = com.example.WireframeUITests;
				PRODUCT_NAME = "$(TARGET_NAME)";
				SWIFT_VERSION = 5.0;
				TARGETED_DEVICE_FAMILY = "1,2";
				TEST_TARGET_NAME = Wireframe;
			};
			name = Debug;
		};
		2D8DE08D24D520320009549E /* Release */ = {
			isa = XCBuildConfiguration;
			buildSettings = {
				ALWAYS_EMBED_SWIFT_STANDARD_LIBRARIES = YES;
				CODE_SIGN_STYLE = Automatic;
				INFOPLIST_FILE = WireframeUITests/Info.plist;
				LD_RUNPATH_SEARCH_PATHS = (
					"$(inherited)",
					"@executable_path/Frameworks",
					"@loader_path/Frameworks",
				);
				PRODUCT_BUNDLE_IDENTIFIER = com.example.WireframeUITests;
				PRODUCT_NAME = "$(TARGET_NAME)";
				SWIFT_VERSION = 5.0;
				TARGETED_DEVICE_FAMILY = "1,2";
				TEST_TARGET_NAME = Wireframe;
			};
			name = Release;
		};
/* End XCBuildConfiguration section */

/* Begin XCConfigurationList section */
		2D8DE05624D5202C0009549E /* Build configuration list for PBXProject "Wireframe" */ = {
			isa = XCConfigurationList;
			buildConfigurations = (
				2D8DE08324D520320009549E /* Debug */,
				2D8DE08424D520320009549E /* Release */,
			);
			defaultConfigurationIsVisible = 0;
			defaultConfigurationName = Release;
		};
		2D8DE08524D520320009549E /* Build configuration list for PBXNativeTarget "Wireframe" */ = {
			isa = XCConfigurationList;
			buildConfigurations = (
				2D8DE08624D520320009549E /* Debug */,
				2D8DE08724D520320009549E /* Release */,
			);
			defaultConfigurationIsVisible = 0;
			defaultConfigurationName = Release;
		};
		2D8DE08824D520320009549E /* Build configuration list for PBXNativeTarget "WireframeTests" */ = {
			isa = XCConfigurationList;
			buildConfigurations = (
				2D8DE08924D520320009549E /* Debug */,
				2D8DE08A24D520320009549E /* Release */,
			);
			defaultConfigurationIsVisible = 0;
			defaultConfigurationName = Release;
		};
		2D8DE08B24D520320009549E /* Build configuration list for PBXNativeTarget "WireframeUITests" */ = {
			isa = XCConfigurationList;
			buildConfigurations = (
				2D8DE08C24D520320009549E /* Debug */,
				2D8DE08D24D520320009549E /* Release */,
			);
			defaultConfigurationIsVisible = 0;
			defaultConfigurationName = Release;
		};
/* End XCConfigurationList section */
	};
	rootObject = 2D8DE05324D5202C0009549E /* Project object */;
}
